
Microsoft Visual Studio Solution File, Format Version 12.00
# Visual Studio Version 17
VisualStudioVersion = 17.4.32804.182
MinimumVisualStudioVersion = 10.0.40219.1
Project("{9A19103F-16F7-4668-BE54-9A1E7A4F7556}") = "OWASP.Zed.Attack.Proxy.Api.Development.Kit", "OWASP.Zed.Attack.Proxy.Api.Development.Kit.csproj", "{D94685F5-3200-4AC3-AEB9-FAED08982903}"
EndProject
Project("{FAE04EC0-301F-11D3-BF4B-00C04F79EFBC}") = "OWASP.Zed.Attack.Proxy.Api.UnitTest", "..\OWASP.Zed.Attack.Proxy.Api.UnitTest\OWASP.Zed.Attack.Proxy.Api.UnitTest.csproj", "{0CABC556-9B56-42E2-A180-5F974C07C3A1}"
EndProject
Global
	GlobalSection(SolutionConfigurationPlatforms) = preSolution
		Debug|Any CPU = Debug|Any CPU
		Release|Any CPU = Release|Any CPU
	EndGlobalSection
	GlobalSection(ProjectConfigurationPlatforms) = postSolution
		{D94685F5-3200-4AC3-AEB9-FAED08982903}.Debug|Any CPU.ActiveCfg = Debug|Any CPU
		{D94685F5-3200-4AC3-AEB9-FAED08982903}.Debug|Any CPU.Build.0 = Debug|Any CPU
		{D94685F5-3200-4AC3-AEB9-FAED08982903}.Release|Any CPU.ActiveCfg = Release|Any CPU
		{D94685F5-3200-4AC3-AEB9-FAED08982903}.Release|Any CPU.Build.0 = Release|Any CPU
		{0CABC556-9B56-42E2-A180-5F974C07C3A1}.Debug|Any CPU.ActiveCfg = Debug|Any CPU
		{0CABC556-9B56-42E2-A180-5F974C07C3A1}.Debug|Any CPU.Build.0 = Debug|Any CPU
		{0CABC556-9B56-42E2-A180-5F974C07C3A1}.Release|Any CPU.ActiveCfg = Release|Any CPU
		{0CABC556-9B56-42E2-A180-5F974C07C3A1}.Release|Any CPU.Build.0 = Release|Any CPU
	EndGlobalSection
	GlobalSection(SolutionProperties) = preSolution
		HideSolutionNode = FALSE
	EndGlobalSection
	GlobalSection(ExtensibilityGlobals) = postSolution
		SolutionGuid = {5310F9B5-3A98-48CF-91BC-135EECB6EEEE}
	EndGlobalSection
EndGlobal
